PODS:
  - audio_waveforms (0.0.1):
    - Flutter
  - audioplayers_darwin (0.0.1):
    - Flutter
    - FlutterMacOS
  - better_player_plus (1.1.2):
    - Cache (~> 6.0.0)
    - Flutter
    - GCDWebServer
    - HLSCachingReverseProxyServer
    - PINCache
  - Cache (6.0.0)
  - camera_avfoundation (0.0.1):
    - Flutter
  - Flutter (1.0.0)
  - flutter_secure_storage (6.0.0):
    - Flutter
  - fvp (0.35.1):
    - Flutter
    - FlutterMacOS
    - mdk (~> 0.35.0)
  - GCDWebServer (3.5.4):
    - GCDWebServer/Core (= 3.5.4)
  - GCDWebServer/Core (3.5.4)
  - HLSCachingReverseProxyServer (0.1.0):
    - GCDWebServer (~> 3.5)
    - PINCache (>= 3.0.1-beta.3)
  - image_picker_ios (0.0.1):
    - Flutter
  - mdk (0.35.0)
  - package_info_plus (0.4.5):
    - Flutter
  - path_provider_foundation (0.0.1):
    - Flutter
    - FlutterMacOS
  - PINCache (3.0.4):
    - PINCache/Arc-exception-safe (= 3.0.4)
    - PINCache/Core (= 3.0.4)
  - PINCache/Arc-exception-safe (3.0.4):
    - PINCache/Core
  - PINCache/Core (3.0.4):
    - PINOperation (~> 1.2.3)
  - PINOperation (1.2.3)
  - PostHog (3.35.0)
  - posthog_flutter (0.0.1):
    - Flutter
    - FlutterMacOS
    - PostHog (< 4.0.0, >= 3.32.0)
  - pro_video_editor (0.0.1):
    - Flutter
  - shared_preferences_foundation (0.0.1):
    - Flutter
    - FlutterMacOS
  - sqflite_darwin (0.0.4):
    - Flutter
    - FlutterMacOS
  - url_launcher_ios (0.0.1):
    - Flutter
  - video_player_avfoundation (0.0.1):
    - Flutter
    - FlutterMacOS
  - wakelock_plus (0.0.1):
    - Flutter

DEPENDENCIES:
  - audio_waveforms (from `.symlinks/plugins/audio_waveforms/ios`)
  - audioplayers_darwin (from `.symlinks/plugins/audioplayers_darwin/darwin`)
  - better_player_plus (from `.symlinks/plugins/better_player_plus/ios`)
  - camera_avfoundation (from `.symlinks/plugins/camera_avfoundation/ios`)
  - Flutter (from `Flutter`)
  - flutter_secure_storage (from `.symlinks/plugins/flutter_secure_storage/ios`)
  - fvp (from `.symlinks/plugins/fvp/darwin`)
  - image_picker_ios (from `.symlinks/plugins/image_picker_ios/ios`)
  - package_info_plus (from `.symlinks/plugins/package_info_plus/ios`)
  - path_provider_foundation (from `.symlinks/plugins/path_provider_foundation/darwin`)
  - posthog_flutter (from `.symlinks/plugins/posthog_flutter/ios`)
  - pro_video_editor (from `.symlinks/plugins/pro_video_editor/ios`)
  - shared_preferences_foundation (from `.symlinks/plugins/shared_preferences_foundation/darwin`)
  - sqflite_darwin (from `.symlinks/plugins/sqflite_darwin/darwin`)
  - url_launcher_ios (from `.symlinks/plugins/url_launcher_ios/ios`)
  - video_player_avfoundation (from `.symlinks/plugins/video_player_avfoundation/darwin`)
  - wakelock_plus (from `.symlinks/plugins/wakelock_plus/ios`)

SPEC REPOS:
  trunk:
    - Cache
    - GCDWebServer
    - HLSCachingReverseProxyServer
    - mdk
    - PINCache
    - PINOperation
    - PostHog

EXTERNAL SOURCES:
  audio_waveforms:
    :path: ".symlinks/plugins/audio_waveforms/ios"
  audioplayers_darwin:
    :path: ".symlinks/plugins/audioplayers_darwin/darwin"
  better_player_plus:
    :path: ".symlinks/plugins/better_player_plus/ios"
  camera_avfoundation:
    :path: ".symlinks/plugins/camera_avfoundation/ios"
  Flutter:
    :path: Flutter
  flutter_secure_storage:
    :path: ".symlinks/plugins/flutter_secure_storage/ios"
  fvp:
    :path: ".symlinks/plugins/fvp/darwin"
  image_picker_ios:
    :path: ".symlinks/plugins/image_picker_ios/ios"
  package_info_plus:
    :path: ".symlinks/plugins/package_info_plus/ios"
  path_provider_foundation:
    :path: ".symlinks/plugins/path_provider_foundation/darwin"
  posthog_flutter:
    :path: ".symlinks/plugins/posthog_flutter/ios"
  pro_video_editor:
    :path: ".symlinks/plugins/pro_video_editor/ios"
  shared_preferences_foundation:
    :path: ".symlinks/plugins/shared_preferences_foundation/darwin"
  sqflite_darwin:
    :path: ".symlinks/plugins/sqflite_darwin/darwin"
  url_launcher_ios:
    :path: ".symlinks/plugins/url_launcher_ios/ios"
  video_player_avfoundation:
    :path: ".symlinks/plugins/video_player_avfoundation/darwin"
  wakelock_plus:
    :path: ".symlinks/plugins/wakelock_plus/ios"

SPEC CHECKSUMS:
  audio_waveforms: a6dde7fe7c0ea05f06ffbdb0f7c1b2b2ba6cedcf
  audioplayers_darwin: 4f9ca89d92d3d21cec7ec580e78ca888e5fb68bd
  better_player_plus: 3d40145c650bb83dde08f0d593b21a144196769f
  Cache: 4ca7e00363fca5455f26534e5607634c820ffc2d
  camera_avfoundation: 5675ca25298b6f81fa0a325188e7df62cc217741
  Flutter: cabc95a1d2626b1b06e7179b784ebcf0c0cde467
  flutter_secure_storage: 1ed9476fba7e7a782b22888f956cce43e2c62f13
  fvp: 5a47a325ffa8d63e70a276a6436416ae703206a5
  GCDWebServer: 2c156a56c8226e2d5c0c3f208a3621ccffbe3ce4
  HLSCachingReverseProxyServer: 59935e1e0244ad7f3375d75b5ef46e8eb26ab181
  image_picker_ios: e0ece4aa2a75771a7de3fa735d26d90817041326
  mdk: baa616b93f696c7066df0e5ebe057badfa9c462b
  package_info_plus: af8e2ca6888548050f16fa2f1938db7b5a5df499
  path_provider_foundation: bb55f6dbba17d0dccd6737fe6f7f34fbd0376880
  PINCache: d9a87a0ff397acffe9e2f0db972ac14680441158
  PINOperation: fb563bcc9c32c26d6c78aaff967d405aa2ee74a7
  PostHog: da83ef8bee8c21ccb2b3680054e22c85d352f142
  posthog_flutter: 9535ac2d4ab65ccb9ace3886dcc0b3105198bad5
  pro_video_editor: 44ef9a6d48dbd757ed428cf35396dd05f35c7830
  shared_preferences_foundation: 7036424c3d8ec98dfe75ff1667cb0cd531ec82bb
  sqflite_darwin: 20b2a3a3b70e43edae938624ce550a3cbf66a3d0
  url_launcher_ios: 7a95fa5b60cc718a708b8f2966718e93db0cef1b
  video_player_avfoundation: dd410b52df6d2466a42d28550e33e4146928280a
  wakelock_plus: e29112ab3ef0b318e58cfa5c32326458be66b556

PODFILE CHECKSUM: 3c63482e143d1b91d2d2560aee9fb04ecc74ac7e

COCOAPODS: 1.16.2
