PODS:
  - audio_waveforms (0.0.1):
    - Flutter
  - better_player_plus (1.1.2):
    - Cache (~> 6.0.0)
    - Flutter
    - GCDWebServer
    - HLSCachingReverseProxyServer
    - PINCache
  - Cache (6.0.0)
  - Flutter (1.0.0)
  - fvp (0.35.2):
    - Flutter
    - FlutterMacOS
    - mdk (~> 0.35.1)
  - GCDWebServer (3.5.4):
    - GCDWebServer/Core (= 3.5.4)
  - GCDWebServer/Core (3.5.4)
  - HLSCachingReverseProxyServer (0.1.0):
    - GCDWebServer (~> 3.5)
    - PINCache (>= 3.0.1-beta.3)
  - mdk (0.35.1)
  - PINCache (3.0.4):
    - PINCache/Arc-exception-safe (= 3.0.4)
    - PINCache/Core (= 3.0.4)
  - PINCache/Arc-exception-safe (3.0.4):
    - PINCache/Core
  - PINCache/Core (3.0.4):
    - PINOperation (~> 1.2.3)
  - PINOperation (1.2.3)
  - PostHog (3.37.1)
  - posthog_flutter (0.0.1):
    - Flutter
    - FlutterMacOS
    - PostHog (< 4.0.0, >= 3.32.0)
  - pro_video_editor (0.0.1):
    - Flutter

DEPENDENCIES:
  - audio_waveforms (from `.symlinks/plugins/audio_waveforms/ios`)
  - better_player_plus (from `.symlinks/plugins/better_player_plus/ios`)
  - Flutter (from `Flutter`)
  - fvp (from `.symlinks/plugins/fvp/darwin`)
  - posthog_flutter (from `.symlinks/plugins/posthog_flutter/ios`)
  - pro_video_editor (from `.symlinks/plugins/pro_video_editor/ios`)

SPEC REPOS:
  trunk:
    - Cache
    - GCDWebServer
    - HLSCachingReverseProxyServer
    - mdk
    - PINCache
    - PINOperation
    - PostHog

EXTERNAL SOURCES:
  audio_waveforms:
    :path: ".symlinks/plugins/audio_waveforms/ios"
  better_player_plus:
    :path: ".symlinks/plugins/better_player_plus/ios"
  Flutter:
    :path: Flutter
  fvp:
    :path: ".symlinks/plugins/fvp/darwin"
  posthog_flutter:
    :path: ".symlinks/plugins/posthog_flutter/ios"
  pro_video_editor:
    :path: ".symlinks/plugins/pro_video_editor/ios"

SPEC CHECKSUMS:
  audio_waveforms: a6dde7fe7c0ea05f06ffbdb0f7c1b2b2ba6cedcf
  better_player_plus: 3d40145c650bb83dde08f0d593b21a144196769f
  Cache: 4ca7e00363fca5455f26534e5607634c820ffc2d
  Flutter: cabc95a1d2626b1b06e7179b784ebcf0c0cde467
  fvp: 4fe77c2b30122233a57f425dafd219ed35565809
  GCDWebServer: 2c156a56c8226e2d5c0c3f208a3621ccffbe3ce4
  HLSCachingReverseProxyServer: 59935e1e0244ad7f3375d75b5ef46e8eb26ab181
  mdk: 59bbe9e2ac2a052455ab1b076c245680d66cf6c0
  PINCache: d9a87a0ff397acffe9e2f0db972ac14680441158
  PINOperation: fb563bcc9c32c26d6c78aaff967d405aa2ee74a7
  PostHog: cf23456d5de1c19efe5823437069440a12198c91
  posthog_flutter: 9535ac2d4ab65ccb9ace3886dcc0b3105198bad5
  pro_video_editor: 44ef9a6d48dbd757ed428cf35396dd05f35c7830

PODFILE CHECKSUM: e716c32704b29904c5fe233535ab45faecf8c549

COCOAPODS: 1.16.2
